// !$*UTF8*$!
{
	archiveVersion = 1;
	classes = {
	};
	objectVersion = 50;
	objects = {

/* Begin PBXBuildFile section */
		A894D51D24C4CA52009C9ED9 /* GrossingAppViewCell.xib in Resources */ = {isa = PBXBuildFile; fileRef = A894D51C24C4CA52009C9ED9 /* GrossingAppViewCell.xib */; };
		A894D52324C4D74A009C9ED9 /* AppIconImageView.swift in Sources */ = {isa = PBXBuildFile; fileRef = A894D52224C4D74A009C9ED9 /* AppIconImageView.swift */; };
		A894D52524C5B4AC009C9ED9 /* GrossingAppView.xib in Resources */ = {isa = PBXBuildFile; fileRef = A894D52424C5B4AC009C9ED9 /* GrossingAppView.xib */; };
		A894D52A24C607D9009C9ED9 /* UIView+Extension.swift in Sources */ = {isa = PBXBuildFile; fileRef = A894D52924C607D9009C9ED9 /* UIView+Extension.swift */; };
		A894D52E24C629BB009C9ED9 /* GrossingAppViewCell.swift in Sources */ = {isa = PBXBuildFile; fileRef = A894D52D24C629BB009C9ED9 /* GrossingAppViewCell.swift */; };
		A894D53024C62A66009C9ED9 /* GrossingAppView.swift in Sources */ = {isa = PBXBuildFile; fileRef = A894D52F24C62A66009C9ED9 /* GrossingAppView.swift */; };
		A8C4DE3124C46EBF002BFF9F /* AppDelegate.swift in Sources */ = {isa = PBXBuildFile; fileRef = A8C4DE3024C46EBF002BFF9F /* AppDelegate.swift */; };
		A8C4DE3324C46EBF002BFF9F /* SceneDelegate.swift in Sources */ = {isa = PBXBuildFile; fileRef = A8C4DE3224C46EBF002BFF9F /* SceneDelegate.swift */; };
		A8C4DE3524C46EBF002BFF9F /* LandingViewController.swift in Sources */ = {isa = PBXBuildFile; fileRef = A8C4DE3424C46EBF002BFF9F /* LandingViewController.swift */; };
		A8C4DE3824C46EBF002BFF9F /* Main.storyboard in Resources */ = {isa = PBXBuildFile; fileRef = A8C4DE3624C46EBF002BFF9F /* Main.storyboard */; };
		A8C4DE3A24C46EC1002BFF9F /* Assets.xcassets in Resources */ = {isa = PBXBuildFile; fileRef = A8C4DE3924C46EC1002BFF9F /* Assets.xcassets */; };
		A8C4DE3D24C46EC1002BFF9F /* LaunchScreen.storyboard in Resources */ = {isa = PBXBuildFile; fileRef = A8C4DE3B24C46EC1002BFF9F /* LaunchScreen.storyboard */; };
		A8C4DE4824C46EC1002BFF9F /* iosDemo01Tests.swift in Sources */ = {isa = PBXBuildFile; fileRef = A8C4DE4724C46EC1002BFF9F /* iosDemo01Tests.swift */; };
/* End PBXBuildFile section */

/* Begin PBXContainerItemProxy section */
		A8C4DE4424C46EC1002BFF9F /* PBXContainerItemProxy */ = {
			isa = PBXContainerItemProxy;
			containerPortal = A8C4DE2524C46EBF002BFF9F /* Project object */;
			proxyType = 1;
			remoteGlobalIDString = A8C4DE2C24C46EBF002BFF9F;
			remoteInfo = iosDemo01;
		};
/* End PBXContainerItemProxy section */

/* Begin PBXFileReference section */
		A894D51C24C4CA52009C9ED9 /* GrossingAppViewCell.xib */ = {isa = PBXFileReference; lastKnownFileType = file.xib; path = GrossingAppViewCell.xib; sourceTree = "<group>"; };
		A894D52224C4D74A009C9ED9 /* AppIconImageView.swift */ = {isa = PBXFileReference; lastKnownFileType = sourcecode.swift; path = AppIconImageView.swift; sourceTree = "<group>"; };
		A894D52424C5B4AC009C9ED9 /* GrossingAppView.xib */ = {isa = PBXFileReference; lastKnownFileType = file.xib; path = GrossingAppView.xib; sourceTree = "<group>"; };
		A894D52924C607D9009C9ED9 /* UIView+Extension.swift */ = {isa = PBXFileReference; lastKnownFileType = sourcecode.swift; path = "UIView+Extension.swift"; sourceTree = "<group>"; };
		A894D52D24C629BB009C9ED9 /* GrossingAppViewCell.swift */ = {isa = PBXFileReference; lastKnownFileType = sourcecode.swift; path = GrossingAppViewCell.swift; sourceTree = "<group>"; };
		A894D52F24C62A66009C9ED9 /* GrossingAppView.swift */ = {isa = PBXFileReference; lastKnownFileType = sourcecode.swift; path = GrossingAppView.swift; sourceTree = "<group>"; };
		A8C4DE2D24C46EBF002BFF9F /* iosDemo01.app */ = {isa = PBXFileReference; explicitFileType = wrapper.application; includeInIndex = 0; path = iosDemo01.app; sourceTree = BUILT_PRODUCTS_DIR; };
		A8C4DE3024C46EBF002BFF9F /* AppDelegate.swift */ = {isa = PBXFileReference; lastKnownFileType = sourcecode.swift; path = AppDelegate.swift; sourceTree = "<group>"; };
		A8C4DE3224C46EBF002BFF9F /* SceneDelegate.swift */ = {isa = PBXFileReference; lastKnownFileType = sourcecode.swift; path = SceneDelegate.swift; sourceTree = "<group>"; };
		A8C4DE3424C46EBF002BFF9F /* LandingViewController.swift */ = {isa = PBXFileReference; lastKnownFileType = sourcecode.swift; path = LandingViewController.swift; sourceTree = "<group>"; };
		A8C4DE3724C46EBF002BFF9F /* Base */ = {isa = PBXFileReference; lastKnownFileType = file.storyboard; name = Base; path = Base.lproj/Main.storyboard; sourceTree = "<group>"; };
		A8C4DE3924C46EC1002BFF9F /* Assets.xcassets */ = {isa = PBXFileReference; lastKnownFileType = folder.assetcatalog; path = Assets.xcassets; sourceTree = "<group>"; };
		A8C4DE3C24C46EC1002BFF9F /* Base */ = {isa = PBXFileReference; lastKnownFileType = file.storyboard; name = Base; path = Base.lproj/LaunchScreen.storyboard; sourceTree = "<group>"; };
		A8C4DE3E24C46EC1002BFF9F /* Info.plist */ = {isa = PBXFileReference; lastKnownFileType = text.plist.xml; path = Info.plist; sourceTree = "<group>"; };
		A8C4DE4324C46EC1002BFF9F /* iosDemo01Tests.xctest */ = {isa = PBXFileReference; explicitFileType = wrapper.cfbundle; includeInIndex = 0; path = iosDemo01Tests.xctest; sourceTree = BUILT_PRODUCTS_DIR; };
		A8C4DE4724C46EC1002BFF9F /* iosDemo01Tests.swift */ = {isa = PBXFileReference; lastKnownFileType = sourcecode.swift; path = iosDemo01Tests.swift; sourceTree = "<group>"; };
		A8C4DE4924C46EC1002BFF9F /* Info.plist */ = {isa = PBXFileReference; lastKnownFileType = text.plist.xml; path = Info.plist; sourceTree = "<group>"; };
/* End PBXFileReference section */

/* Begin PBXFrameworksBuildPhase section */
		A8C4DE2A24C46EBF002BFF9F /* Frameworks */ = {
			isa = PBXFrameworksBuildPhase;
			buildActionMask = 2147483647;
			files = (
			);
			runOnlyForDeploymentPostprocessing = 0;
		};
		A8C4DE4024C46EC1002BFF9F /* Frameworks */ = {
			isa = PBXFrameworksBuildPhase;
			buildActionMask = 2147483647;
			files = (
			);
			runOnlyForDeploymentPostprocessing = 0;
		};
/* End PBXFrameworksBuildPhase section */

/* Begin PBXGroup section */
		A894D52824C607BA009C9ED9 /* Helpers */ = {
			isa = PBXGroup;
			children = (
				A894D52924C607D9009C9ED9 /* UIView+Extension.swift */,
			);
			path = Helpers;
			sourceTree = "<group>";
		};
		A8C4DE2424C46EBF002BFF9F = {
			isa = PBXGroup;
			children = (
				A8C4DE2F24C46EBF002BFF9F /* iosDemo01 */,
				A8C4DE4624C46EC1002BFF9F /* iosDemo01Tests */,
				A8C4DE2E24C46EBF002BFF9F /* Products */,
			);
			sourceTree = "<group>";
		};
		A8C4DE2E24C46EBF002BFF9F /* Products */ = {
			isa = PBXGroup;
			children = (
				A8C4DE2D24C46EBF002BFF9F /* iosDemo01.app */,
				A8C4DE4324C46EC1002BFF9F /* iosDemo01Tests.xctest */,
			);
			name = Products;
			sourceTree = "<group>";
		};
		A8C4DE2F24C46EBF002BFF9F /* iosDemo01 */ = {
			isa = PBXGroup;
			children = (
				A8C4DE3024C46EBF002BFF9F /* AppDelegate.swift */,
				A8C4DE3224C46EBF002BFF9F /* SceneDelegate.swift */,
				A8C4DE5224C4A545002BFF9F /* Storyboards */,
				A8C4DE5324C4B58F002BFF9F /* ViewControllers */,
				A894D51B24C4C9BE009C9ED9 /* Views */,
				A894D52824C607BA009C9ED9 /* Helpers */,
				A8C4DE3924C46EC1002BFF9F /* Assets.xcassets */,
				A8C4DE3E24C46EC1002BFF9F /* Info.plist */,
			);
			path = iosDemo01;
			sourceTree = "<group>";
		};
		A8C4DE4624C46EC1002BFF9F /* iosDemo01Tests */ = {
			isa = PBXGroup;
			children = (
				A8C4DE4724C46EC1002BFF9F /* iosDemo01Tests.swift */,
				A8C4DE4924C46EC1002BFF9F /* Info.plist */,
			);
			path = iosDemo01Tests;
			sourceTree = "<group>";
		};
		A8C4DE5224C4A545002BFF9F /* Storyboards */ = {
			isa = PBXGroup;
			children = (
				A8C4DE3624C46EBF002BFF9F /* Main.storyboard */,
				A8C4DE3B24C46EC1002BFF9F /* LaunchScreen.storyboard */,
			);
			path = Storyboards;
			sourceTree = "<group>";
		};
		A8C4DE5324C4B58F002BFF9F /* ViewControllers */ = {
			isa = PBXGroup;
			children = (
				A8C4DE3424C46EBF002BFF9F /* LandingViewController.swift */,
			);
			path = ViewControllers;
			sourceTree = "<group>";
		};
/* End PBXGroup section */

/* Begin PBXNativeTarget section */
		A8C4DE2C24C46EBF002BFF9F /* iosDemo01 */ = {
			isa = PBXNativeTarget;
			buildConfigurationList = A8C4DE4C24C46EC1002BFF9F /* Build configuration list for PBXNativeTarget "iosDemo01" */;
			buildPhases = (
				A8C4DE2924C46EBF002BFF9F /* Sources */,
				A8C4DE2A24C46EBF002BFF9F /* Frameworks */,
				A8C4DE2B24C46EBF002BFF9F /* Resources */,
			);
			buildRules = (
			);
			dependencies = (
			);
			name = iosDemo01;
			productName = iosDemo01;
			productReference = A8C4DE2D24C46EBF002BFF9F /* iosDemo01.app */;
			productType = "com.apple.product-type.application";
		};
		A8C4DE4224C46EC1002BFF9F /* iosDemo01Tests */ = {
			isa = PBXNativeTarget;
			buildConfigurationList = A8C4DE4F24C46EC1002BFF9F /* Build configuration list for PBXNativeTarget "iosDemo01Tests" */;
			buildPhases = (
				A8C4DE3F24C46EC1002BFF9F /* Sources */,
				A8C4DE4024C46EC1002BFF9F /* Frameworks */,
				A8C4DE4124C46EC1002BFF9F /* Resources */,
			);
			buildRules = (
			);
			dependencies = (
				A8C4DE4524C46EC1002BFF9F /* PBXTargetDependency */,
			);
			name = iosDemo01Tests;
			productName = iosDemo01Tests;
			productReference = A8C4DE4324C46EC1002BFF9F /* iosDemo01Tests.xctest */;
			productType = "com.apple.product-type.bundle.unit-test";
		};
/* End PBXNativeTarget section */

/* Begin PBXProject section */
		A8C4DE2524C46EBF002BFF9F /* Project object */ = {
			isa = PBXProject;
			attributes = {
				LastSwiftUpdateCheck = 1120;
				LastUpgradeCheck = 1120;
				TargetAttributes = {
					A8C4DE2C24C46EBF002BFF9F = {
						CreatedOnToolsVersion = 11.2.1;
					};
					A8C4DE4224C46EC1002BFF9F = {
						CreatedOnToolsVersion = 11.2.1;
						TestTargetID = A8C4DE2C24C46EBF002BFF9F;
					};
				};
			};
			buildConfigurationList = A8C4DE2824C46EBF002BFF9F /* Build configuration list for PBXProject "iosDemo01" */;
			compatibilityVersion = "Xcode 9.3";
			developmentRegion = en;
			hasScannedForEncodings = 0;
			knownRegions = (
				en,
				Base,
			);
			mainGroup = A8C4DE2424C46EBF002BFF9F;
			productRefGroup = A8C4DE2E24C46EBF002BFF9F /* Products */;
			projectDirPath = "";
			projectRoot = "";
			targets = (
				A8C4DE2C24C46EBF002BFF9F /* iosDemo01 */,
				A8C4DE4224C46EC1002BFF9F /* iosDemo01Tests */,
			);
		};
/* End PBXProject section */

/* Begin PBXResourcesBuildPhase section */
		A8C4DE2B24C46EBF002BFF9F /* Resources */ = {
			isa = PBXResourcesBuildPhase;
			buildActionMask = 2147483647;
			files = (
				A8C4DE3D24C46EC1002BFF9F /* LaunchScreen.storyboard in Resources */,
				A8C4DE3A24C46EC1002BFF9F /* Assets.xcassets in Resources */,
				A8C4DE3824C46EBF002BFF9F /* Main.storyboard in Resources */,
				A894D51D24C4CA52009C9ED9 /* GrossingAppViewCell.xib in Resources */,
				A894D52524C5B4AC009C9ED9 /* GrossingAppView.xib in Resources */,
			);
			runOnlyForDeploymentPostprocessing = 0;
		};
		A8C4DE4124C46EC1002BFF9F /* Resources */ = {
			isa = PBXResourcesBuildPhase;
			buildActionMask = 2147483647;
			files = (
			);
			runOnlyForDeploymentPostprocessing = 0;
		};
/* End PBXResourcesBuildPhase section */

/* Begin PBXSourcesBuildPhase section */
		A8C4DE2924C46EBF002BFF9F /* Sources */ = {
			isa = PBXSourcesBuildPhase;
			buildActionMask = 2147483647;
			files = (
				A8C4DE3524C46EBF002BFF9F /* LandingViewController.swift in Sources */,
				A894D53024C62A66009C9ED9 /* GrossingAppView.swift in Sources */,
				A894D52A24C607D9009C9ED9 /* UIView+Extension.swift in Sources */,
				A8C4DE3124C46EBF002BFF9F /* AppDelegate.swift in Sources */,
				A894D52E24C629BB009C9ED9 /* GrossingAppViewCell.swift in Sources */,
				A8C4DE3324C46EBF002BFF9F /* SceneDelegate.swift in Sources */,
				A894D52324C4D74A009C9ED9 /* AppIconImageView.swift in Sources */,
			);
			runOnlyForDeploymentPostprocessing = 0;
		};
		A8C4DE3F24C46EC1002BFF9F /* Sources */ = {
			isa = PBXSourcesBuildPhase;
			buildActionMask = 2147483647;
			files = (
				A8C4DE4824C46EC1002BFF9F /* iosDemo01Tests.swift in Sources */,
			);
			runOnlyForDeploymentPostprocessing = 0;
		};
/* End PBXSourcesBuildPhase section */

/* Begin PBXTargetDependency section */
		A8C4DE4524C46EC1002BFF9F /* PBXTargetDependency */ = {
			isa = PBXTargetDependency;
			target = A8C4DE2C24C46EBF002BFF9F /* iosDemo01 */;
			targetProxy = A8C4DE4424C46EC1002BFF9F /* PBXContainerItemProxy */;
		};
/* End PBXTargetDependency section */

/* Begin PBXVariantGroup section */
		A8C4DE3624C46EBF002BFF9F /* Main.storyboard */ = {
			isa = PBXVariantGroup;
			children = (
				A8C4DE3724C46EBF002BFF9F /* Base */,
			);
			name = Main.storyboard;
			sourceTree = "<group>";
		};
		A8C4DE3B24C46EC1002BFF9F /* LaunchScreen.storyboard */ = {
			isa = PBXVariantGroup;
			children = (
				A8C4DE3C24C46EC1002BFF9F /* Base */,
			);
			name = LaunchScreen.storyboard;
			sourceTree = "<group>";
		};
/* End PBXVariantGroup section */

/* Begin XCBuildConfiguration section */
		A8C4DE4A24C46EC1002BFF9F /* Debug */ = {
			isa = XCBuildConfiguration;
			buildSettings = {
				ALWAYS_SEARCH_USER_PATHS = NO;
				CLANG_ANALYZER_NONNULL = YES;
				CLANG_ANALYZER_NUMBER_OBJECT_CONVERSION = YES_AGGRESSIVE;
				CLANG_CXX_LANGUAGE_STANDARD = "gnu++14";
				CLANG_CXX_LIBRARY = "libc++";
				CLANG_ENABLE_MODULES = YES;
				CLANG_ENABLE_OBJC_ARC = YES;
				CLANG_ENABLE_OBJC_WEAK = YES;
				CLANG_WARN_BLOCK_CAPTURE_AUTORELEASING = YES;
				CLANG_WARN_BOOL_CONVERSION = YES;
				CLANG_WARN_COMMA = YES;
				CLANG_WARN_CONSTANT_CONVERSION = YES;
				CLANG_WARN_DEPRECATED_OBJC_IMPLEMENTATIONS = YES;
				CLANG_WARN_DIRECT_OBJC_ISA_USAGE = YES_ERROR;
				CLANG_WARN_DOCUMENTATION_COMMENTS = YES;
				CLANG_WARN_EMPTY_BODY = YES;
				CLANG_WARN_ENUM_CONVERSION = YES;
				CLANG_WARN_INFINITE_RECURSION = YES;
				CLANG_WARN_INT_CONVERSION = YES;
				CLANG_WARN_NON_LITERAL_NULL_CONVERSION = YES;
				CLANG_WARN_OBJC_IMPLICIT_RETAIN_SELF = YES;
				CLANG_WARN_OBJC_LITERAL_CONVERSION = YES;
				CLANG_WARN_OBJC_ROOT_CLASS = YES_ERROR;
				CLANG_WARN_RANGE_LOOP_ANALYSIS = YES;
				CLANG_WARN_STRICT_PROTOTYPES = YES;
				CLANG_WARN_SUSPICIOUS_MOVE = YES;
				CLANG_WARN_UNGUARDED_AVAILABILITY = YES_AGGRESSIVE;
				CLANG_WARN_UNREACHABLE_CODE = YES;
				CLANG_WARN__DUPLICATE_METHOD_MATCH = YES;
				COPY_PHASE_STRIP = NO;
				DEBUG_INFORMATION_FORMAT = dwarf;
				ENABLE_STRICT_OBJC_MSGSEND = YES;
				ENABLE_TESTABILITY = YES;
				GCC_C_LANGUAGE_STANDARD = gnu11;
				GCC_DYNAMIC_NO_PIC = NO;
				GCC_NO_COMMON_BLOCKS = YES;
				GCC_OPTIMIZATION_LEVEL = 0;
				GCC_PREPROCESSOR_DEFINITIONS = (
					"DEBUG=1",
					"$(inherited)",
				);
				GCC_WARN_64_TO_32_BIT_CONVERSION = YES;
				GCC_WARN_ABOUT_RETURN_TYPE = YES_ERROR;
				GCC_WARN_UNDECLARED_SELECTOR = YES;
				GCC_WARN_UNINITIALIZED_AUTOS = YES_AGGRESSIVE;
				GCC_WARN_UNUSED_FUNCTION = YES;
				GCC_WARN_UNUSED_VARIABLE = YES;
				IPHONEOS_DEPLOYMENT_TARGET = 11.0;
				MTL_ENABLE_DEBUG_INFO = INCLUDE_SOURCE;
				MTL_FAST_MATH = YES;
				ONLY_ACTIVE_ARCH = YES;
				SDKROOT = iphoneos;
				SWIFT_ACTIVE_COMPILATION_CONDITIONS = DEBUG;
				SWIFT_OPTIMIZATION_LEVEL = "-Onone";
			};
			name = Debug;
		};
		A8C4DE4B24C46EC1002BFF9F /* Release */ = {
			isa = XCBuildConfiguration;
			buildSettings = {
				ALWAYS_SEARCH_USER_PATHS = NO;
				CLANG_ANALYZER_NONNULL = YES;
				CLANG_ANALYZER_NUMBER_OBJECT_CONVERSION = YES_AGGRESSIVE;
				CLANG_CXX_LANGUAGE_STANDARD = "gnu++14";
				CLANG_CXX_LIBRARY = "libc++";
				CLANG_ENABLE_MODULES = YES;
				CLANG_ENABLE_OBJC_ARC = YES;
				CLANG_ENABLE_OBJC_WEAK = YES;
				CLANG_WARN_BLOCK_CAPTURE_AUTORELEASING = YES;
				CLANG_WARN_BOOL_CONVERSION = YES;
				CLANG_WARN_COMMA = YES;
				CLANG_WARN_CONSTANT_CONVERSION = YES;
				CLANG_WARN_DEPRECATED_OBJC_IMPLEMENTATIONS = YES;
				CLANG_WARN_DIRECT_OBJC_ISA_USAGE = YES_ERROR;
				CLANG_WARN_DOCUMENTATION_COMMENTS = YES;
				CLANG_WARN_EMPTY_BODY = YES;
				CLANG_WARN_ENUM_CONVERSION = YES;
				CLANG_WARN_INFINITE_RECURSION = YES;
				CLANG_WARN_INT_CONVERSION = YES;
				CLANG_WARN_NON_LITERAL_NULL_CONVERSION = YES;
				CLANG_WARN_OBJC_IMPLICIT_RETAIN_SELF = YES;
				CLANG_WARN_OBJC_LITERAL_CONVERSION = YES;
				CLANG_WARN_OBJC_ROOT_CLASS = YES_ERROR;
				CLANG_WARN_RANGE_LOOP_ANALYSIS = YES;
				CLANG_WARN_STRICT_PROTOTYPES = YES;
				CLANG_WARN_SUSPICIOUS_MOVE = YES;
				CLANG_WARN_UNGUARDED_AVAILABILITY = YES_AGGRESSIVE;
				CLANG_WARN_UNREACHABLE_CODE = YES;
				CLANG_WARN__DUPLICATE_METHOD_MATCH = YES;
				COPY_PHASE_STRIP = NO;
				DEBUG_INFORMATION_FORMAT = "dwarf-with-dsym";
				ENABLE_NS_ASSERTIONS = NO;
				ENABLE_STRICT_OBJC_MSGSEND = YES;
				GCC_C_LANGUAGE_STANDARD = gnu11;
				GCC_NO_COMMON_BLOCKS = YES;
				GCC_WARN_64_TO_32_BIT_CONVERSION = YES;
				GCC_WARN_ABOUT_RETURN_TYPE = YES_ERROR;
				GCC_WARN_UNDECLARED_SELECTOR = YES;
				GCC_WARN_UNINITIALIZED_AUTOS = YES_AGGRESSIVE;
				GCC_WARN_UNUSED_FUNCTION = YES;
				GCC_WARN_UNUSED_VARIABLE = YES;
				IPHONEOS_DEPLOYMENT_TARGET = 11.0;
				MTL_ENABLE_DEBUG_INFO = NO;
				MTL_FAST_MATH = YES;
				SDKROOT = iphoneos;
				SWIFT_COMPILATION_MODE = wholemodule;
				SWIFT_OPTIMIZATION_LEVEL = "-O";
				VALIDATE_PRODUCT = YES;
			};
			name = Release;
		};
		A8C4DE4D24C46EC1002BFF9F /* Debug */ = {
			isa = XCBuildConfiguration;
			buildSettings = {
				ASSETCATALOG_COMPILER_APPICON_NAME = AppIcon;
				CODE_SIGN_STYLE = Automatic;
				DEVELOPMENT_TEAM = 989728VVV5;
				INFOPLIST_FILE = iosDemo01/Info.plist;
				LD_RUNPATH_SEARCH_PATHS = (
					"$(inherited)",
					"@executable_path/Frameworks",
				);
				PRODUCT_BUNDLE_IDENTIFIER = thomastsui.iosDemo01;
				PRODUCT_NAME = "$(TARGET_NAME)";
				SWIFT_VERSION = 4.0;
				TARGETED_DEVICE_FAMILY = "1,2";
			};
			name = Debug;
		};
		A8C4DE4E24C46EC1002BFF9F /* Release */ = {
			isa = XCBuildConfiguration;
			buildSettings = {
				ASSETCATALOG_COMPILER_APPICON_NAME = AppIcon;
				CODE_SIGN_STYLE = Automatic;
				DEVELOPMENT_TEAM = 989728VVV5;
				INFOPLIST_FILE = iosDemo01/Info.plist;
				LD_RUNPATH_SEARCH_PATHS = (
					"$(inherited)",
					"@executable_path/Frameworks",
				);
				PRODUCT_BUNDLE_IDENTIFIER = thomastsui.iosDemo01;
				PRODUCT_NAME = "$(TARGET_NAME)";
				SWIFT_VERSION = 4.0;
				TARGETED_DEVICE_FAMILY = "1,2";
			};
			name = Release;
		};
		A8C4DE5024C46EC1002BFF9F /* Debug */ = {
			isa = XCBuildConfiguration;
			buildSettings = {
				ALWAYS_EMBED_SWIFT_STANDARD_LIBRARIES = YES;
				BUNDLE_LOADER = "$(TEST_HOST)";
				CODE_SIGN_STYLE = Automatic;
				DEVELOPMENT_TEAM = 989728VVV5;
				INFOPLIST_FILE = iosDemo01Tests/Info.plist;
				IPHONEOS_DEPLOYMENT_TARGET = 13.2;
				LD_RUNPATH_SEARCH_PATHS = (
					"$(inherited)",
					"@executable_path/Frameworks",
					"@loader_path/Frameworks",
				);
				PRODUCT_BUNDLE_IDENTIFIER = thomastsui.iosDemo01Tests;
				PRODUCT_NAME = "$(TARGET_NAME)";
				SWIFT_VERSION = 5.0;
				TARGETED_DEVICE_FAMILY = "1,2";
				TEST_HOST = "$(BUILT_PRODUCTS_DIR)/iosDemo01.app/iosDemo01";
			};
			name = Debug;
		};
		A8C4DE5124C46EC1002BFF9F /* Release */ = {
			isa = XCBuildConfiguration;
			buildSettings = {
				ALWAYS_EMBED_SWIFT_STANDARD_LIBRARIES = YES;
				BUNDLE_LOADER = "$(TEST_HOST)";
				CODE_SIGN_STYLE = Automatic;
				DEVELOPMENT_TEAM = 989728VVV5;
				INFOPLIST_FILE = iosDemo01Tests/Info.plist;
				IPHONEOS_DEPLOYMENT_TARGET = 13.2;
				LD_RUNPATH_SEARCH_PATHS = (
					"$(inherited)",
					"@executable_path/Frameworks",
					"@loader_path/Frameworks",
				);
				PRODUCT_BUNDLE_IDENTIFIER = thomastsui.iosDemo01Tests;
				PRODUCT_NAME = "$(TARGET_NAME)";
				SWIFT_VERSION = 5.0;
				TARGETED_DEVICE_FAMILY = "1,2";
				TEST_HOST = "$(BUILT_PRODUCTS_DIR)/iosDemo01.app/iosDemo01";
			};
			name = Release;
		};
/* End XCBuildConfiguration section */

/* Begin XCConfigurationList section */
		A8C4DE2824C46EBF002BFF9F /* Build configuration list for PBXProject "iosDemo01" */ = {
			isa = XCConfigurationList;
			buildConfigurations = (
				A8C4DE4A24C46EC1002BFF9F /* Debug */,
				A8C4DE4B24C46EC1002BFF9F /* Release */,
			);
			defaultConfigurationIsVisible = 0;
			defaultConfigurationName = Release;
		};
		A8C4DE4C24C46EC1002BFF9F /* Build configuration list for PBXNativeTarget "iosDemo01" */ = {
			isa = XCConfigurationList;
			buildConfigurations = (
				A8C4DE4D24C46EC1002BFF9F /* Debug */,
				A8C4DE4E24C46EC1002BFF9F /* Release */,
			);
			defaultConfigurationIsVisible = 0;
			defaultConfigurationName = Release;
		};
		A8C4DE4F24C46EC1002BFF9F /* Build configuration list for PBXNativeTarget "iosDemo01Tests" */ = {
			isa = XCConfigurationList;
			buildConfigurations = (
				A8C4DE5024C46EC1002BFF9F /* Debug */,
				A8C4DE5124C46EC1002BFF9F /* Release */,
			);
			defaultConfigurationIsVisible = 0;
			defaultConfigurationName = Release;
		};
/* End XCConfigurationList section */
	};
	rootObject = A8C4DE2524C46EBF002BFF9F /* Project object */;
}
